
Microsoft Visual Studio Solution File, Format Version 12.00
# Visual Studio Version 16
VisualStudioVersion = 16.0.30804.86
MinimumVisualStudioVersion = 10.0.40219.1
Project("{8BC9CEB8-8B4A-11D0-8D11-00A0C91BC942}") = "EvoCredProvider", "EvoCredProvider\EvoCredProvider.vcxproj", "{6A19C1DD-7FEC-4707-A564-4D9258C46949}"
	ProjectSection(ProjectDependencies) = postProject
		{C6C881FB-AF65-4F62-9BFB-36EB040F93F5} = {C6C881FB-AF65-4F62-9BFB-36EB040F93F5}
	EndProjectSection
EndProject
Project("{8BC9CEB8-8B4A-11D0-8D11-00A0C91BC942}") = "TestCredProvider", "TestCredProvider\TestCredProvider.vcxproj", "{E2B9D124-1069-4A6C-B60B-226F5A49FB72}"
EndProject
Project("{8BC9CEB8-8B4A-11D0-8D11-00A0C91BC942}") = "EvoApiTest", "EvoApiTest\EvoApiTest.vcxproj", "{6E21E935-8066-4CE9-8B33-A4C813BE3A08}"
EndProject
Project("{8BC9CEB8-8B4A-11D0-8D11-00A0C91BC942}") = "EvoCommon", "EvoCommon\EvoCommon.vcxproj", "{F8D46830-B34A-42AA-A7E7-EBC1BD04A3B5}"
EndProject
Project("{8BC9CEB8-8B4A-11D0-8D11-00A0C91BC942}") = "EvoApi", "EvoApi\EvoApi.vcxproj", "{09B74C70-28DD-4461-9C95-215722470A3D}"
EndProject
Project("{930C7802-8A8C-48F9-8165-68863BCCD9DD}") = "EvoInstaller", "EvoInstaller\EvoInstaller.wixproj", "{DB637BC6-75B1-4A41-B985-CC35409CCEB3}"
	ProjectSection(ProjectDependencies) = postProject
		{96409061-5561-4AF8-829B-2262EC029AEB} = {96409061-5561-4AF8-829B-2262EC029AEB}
	EndProjectSection
EndProject
Project("{8BC9CEB8-8B4A-11D0-8D11-00A0C91BC942}") = "EvoCredFilter", "EvoCredFilter\EvoCredFilter.vcxproj", "{96409061-5561-4AF8-829B-2262EC029AEB}"
	ProjectSection(ProjectDependencies) = postProject
		{C6C881FB-AF65-4F62-9BFB-36EB040F93F5} = {C6C881FB-AF65-4F62-9BFB-36EB040F93F5}
	EndProjectSection
EndProject
Project("{2150E333-8FDC-42A3-9474-1A3956D46DE8}") = "InstallerMedia", "InstallerMedia", "{3481EB1C-29E8-46C5-82CF-500C10B71C7A}"
	ProjectSection(SolutionItems) = preProject
		InstallerMedia\ApacheLicense.txt = InstallerMedia\ApacheLicense.txt
		InstallerMedia\EvoLicense.rtf = InstallerMedia\EvoLicense.rtf
		InstallerMedia\exclam.ico = InstallerMedia\exclam.ico
		InstallerMedia\header.bmp = InstallerMedia\header.bmp
		InstallerMedia\help.ico = InstallerMedia\help.ico
		InstallerMedia\icon.ico = InstallerMedia\icon.ico
		InstallerMedia\info.ico = InstallerMedia\info.ico
		InstallerMedia\Microsoft_VC142_CRT_x64.msm = InstallerMedia\Microsoft_VC142_CRT_x64.msm
		InstallerMedia\Microsoft_VC142_CRT_x86.msm = InstallerMedia\Microsoft_VC142_CRT_x86.msm
		InstallerMedia\Microsoft_VC142_DebugCRT_x64.msm = InstallerMedia\Microsoft_VC142_DebugCRT_x64.msm
		InstallerMedia\Microsoft_VC142_DebugCRT_x86.msm = InstallerMedia\Microsoft_VC142_DebugCRT_x86.msm
		InstallerMedia\setup-screen.bmp = InstallerMedia\setup-screen.bmp
	EndProjectSection
EndProject
Project("{8BC9CEB8-8B4A-11D0-8D11-00A0C91BC942}") = "IDLCommon", "IDLCommon\IDLCommon.vcxproj", "{C6C881FB-AF65-4F62-9BFB-36EB040F93F5}"
EndProject
Global
	GlobalSection(SolutionConfigurationPlatforms) = preSolution
		Debug|x64 = Debug|x64
		Debug|x86 = Debug|x86
		Release|x64 = Release|x64
		Release|x86 = Release|x86
	EndGlobalSection
	GlobalSection(ProjectConfigurationPlatforms) = postSolution
		{6A19C1DD-7FEC-4707-A564-4D9258C46949}.Debug|x64.ActiveCfg = Debug|x64
		{6A19C1DD-7FEC-4707-A564-4D9258C46949}.Debug|x64.Build.0 = Debug|x64
		{6A19C1DD-7FEC-4707-A564-4D9258C46949}.Debug|x86.ActiveCfg = Debug|Win32
		{6A19C1DD-7FEC-4707-A564-4D9258C46949}.Debug|x86.Build.0 = Debug|Win32
		{6A19C1DD-7FEC-4707-A564-4D9258C46949}.Release|x64.ActiveCfg = Release|x64
		{6A19C1DD-7FEC-4707-A564-4D9258C46949}.Release|x64.Build.0 = Release|x64
		{6A19C1DD-7FEC-4707-A564-4D9258C46949}.Release|x86.ActiveCfg = Release|Win32
		{6A19C1DD-7FEC-4707-A564-4D9258C46949}.Release|x86.Build.0 = Release|Win32
		{E2B9D124-1069-4A6C-B60B-226F5A49FB72}.Debug|x64.ActiveCfg = Debug|x64
		{E2B9D124-1069-4A6C-B60B-226F5A49FB72}.Debug|x64.Build.0 = Debug|x64
		{E2B9D124-1069-4A6C-B60B-226F5A49FB72}.Debug|x86.ActiveCfg = Debug|Win32
		{E2B9D124-1069-4A6C-B60B-226F5A49FB72}.Debug|x86.Build.0 = Debug|Win32
		{E2B9D124-1069-4A6C-B60B-226F5A49FB72}.Release|x64.ActiveCfg = Release|x64
		{E2B9D124-1069-4A6C-B60B-226F5A49FB72}.Release|x64.Build.0 = Release|x64
		{E2B9D124-1069-4A6C-B60B-226F5A49FB72}.Release|x86.ActiveCfg = Release|Win32
		{E2B9D124-1069-4A6C-B60B-226F5A49FB72}.Release|x86.Build.0 = Release|Win32
		{6E21E935-8066-4CE9-8B33-A4C813BE3A08}.Debug|x64.ActiveCfg = Debug|x64
		{6E21E935-8066-4CE9-8B33-A4C813BE3A08}.Debug|x64.Build.0 = Debug|x64
		{6E21E935-8066-4CE9-8B33-A4C813BE3A08}.Debug|x86.ActiveCfg = Debug|Win32
		{6E21E935-8066-4CE9-8B33-A4C813BE3A08}.Debug|x86.Build.0 = Debug|Win32
		{6E21E935-8066-4CE9-8B33-A4C813BE3A08}.Release|x64.ActiveCfg = Release|x64
		{6E21E935-8066-4CE9-8B33-A4C813BE3A08}.Release|x64.Build.0 = Release|x64
		{6E21E935-8066-4CE9-8B33-A4C813BE3A08}.Release|x86.ActiveCfg = Release|Win32
		{6E21E935-8066-4CE9-8B33-A4C813BE3A08}.Release|x86.Build.0 = Release|Win32
		{F8D46830-B34A-42AA-A7E7-EBC1BD04A3B5}.Debug|x64.ActiveCfg = Debug|x64
		{F8D46830-B34A-42AA-A7E7-EBC1BD04A3B5}.Debug|x64.Build.0 = Debug|x64
		{F8D46830-B34A-42AA-A7E7-EBC1BD04A3B5}.Debug|x86.ActiveCfg = Debug|Win32
		{F8D46830-B34A-42AA-A7E7-EBC1BD04A3B5}.Debug|x86.Build.0 = Debug|Win32
		{F8D46830-B34A-42AA-A7E7-EBC1BD04A3B5}.Release|x64.ActiveCfg = Release|x64
		{F8D46830-B34A-42AA-A7E7-EBC1BD04A3B5}.Release|x64.Build.0 = Release|x64
		{F8D46830-B34A-42AA-A7E7-EBC1BD04A3B5}.Release|x86.ActiveCfg = Release|Win32
		{F8D46830-B34A-42AA-A7E7-EBC1BD04A3B5}.Release|x86.Build.0 = Release|Win32
		{09B74C70-28DD-4461-9C95-215722470A3D}.Debug|x64.ActiveCfg = Debug|x64
		{09B74C70-28DD-4461-9C95-215722470A3D}.Debug|x64.Build.0 = Debug|x64
		{09B74C70-28DD-4461-9C95-215722470A3D}.Debug|x86.ActiveCfg = Debug|Win32
		{09B74C70-28DD-4461-9C95-215722470A3D}.Debug|x86.Build.0 = Debug|Win32
		{09B74C70-28DD-4461-9C95-215722470A3D}.Release|x64.ActiveCfg = Release|x64
		{09B74C70-28DD-4461-9C95-215722470A3D}.Release|x64.Build.0 = Release|x64
		{09B74C70-28DD-4461-9C95-215722470A3D}.Release|x86.ActiveCfg = Release|Win32
		{09B74C70-28DD-4461-9C95-215722470A3D}.Release|x86.Build.0 = Release|Win32
		{DB637BC6-75B1-4A41-B985-CC35409CCEB3}.Debug|x64.ActiveCfg = Debug|x64
		{DB637BC6-75B1-4A41-B985-CC35409CCEB3}.Debug|x64.Build.0 = Debug|x64
		{DB637BC6-75B1-4A41-B985-CC35409CCEB3}.Debug|x86.ActiveCfg = Debug|x86
		{DB637BC6-75B1-4A41-B985-CC35409CCEB3}.Debug|x86.Build.0 = Debug|x86
		{DB637BC6-75B1-4A41-B985-CC35409CCEB3}.Release|x64.ActiveCfg = Release|x64
		{DB637BC6-75B1-4A41-B985-CC35409CCEB3}.Release|x64.Build.0 = Release|x64
		{DB637BC6-75B1-4A41-B985-CC35409CCEB3}.Release|x86.ActiveCfg = Release|x86
		{DB637BC6-75B1-4A41-B985-CC35409CCEB3}.Release|x86.Build.0 = Release|x86
		{96409061-5561-4AF8-829B-2262EC029AEB}.Debug|x64.ActiveCfg = Debug|x64
		{96409061-5561-4AF8-829B-2262EC029AEB}.Debug|x64.Build.0 = Debug|x64
		{96409061-5561-4AF8-829B-2262EC029AEB}.Debug|x86.ActiveCfg = Debug|Win32
		{96409061-5561-4AF8-829B-2262EC029AEB}.Debug|x86.Build.0 = Debug|Win32
		{96409061-5561-4AF8-829B-2262EC029AEB}.Release|x64.ActiveCfg = Release|x64
		{96409061-5561-4AF8-829B-2262EC029AEB}.Release|x64.Build.0 = Release|x64
		{96409061-5561-4AF8-829B-2262EC029AEB}.Release|x86.ActiveCfg = Release|Win32
		{96409061-5561-4AF8-829B-2262EC029AEB}.Release|x86.Build.0 = Release|Win32
		{C6C881FB-AF65-4F62-9BFB-36EB040F93F5}.Debug|x64.ActiveCfg = Debug|x64
		{C6C881FB-AF65-4F62-9BFB-36EB040F93F5}.Debug|x64.Build.0 = Debug|x64
		{C6C881FB-AF65-4F62-9BFB-36EB040F93F5}.Debug|x86.ActiveCfg = Debug|Win32
		{C6C881FB-AF65-4F62-9BFB-36EB040F93F5}.Debug|x86.Build.0 = Debug|Win32
		{C6C881FB-AF65-4F62-9BFB-36EB040F93F5}.Release|x64.ActiveCfg = Release|x64
		{C6C881FB-AF65-4F62-9BFB-36EB040F93F5}.Release|x64.Build.0 = Release|x64
		{C6C881FB-AF65-4F62-9BFB-36EB040F93F5}.Release|x86.ActiveCfg = Release|Win32
		{C6C881FB-AF65-4F62-9BFB-36EB040F93F5}.Release|x86.Build.0 = Release|Win32
	EndGlobalSection
	GlobalSection(SolutionProperties) = preSolution
		HideSolutionNode = FALSE
	EndGlobalSection
	GlobalSection(ExtensibilityGlobals) = postSolution
		SolutionGuid = {6C87D096-6854-4384-B8CE-BDAD55C14A42}
	EndGlobalSection
EndGlobal
